// !$*UTF8*$!
{
	archiveVersion = 1;
	classes = {
	};
	objectVersion = 46;
	objects = {

/* Begin PBXBuildFile section */
		9DA5F6FA14A129F90079EEE2 /* UIKit.framework in Frameworks */ = {isa = PBXBuildFile; fileRef = 9DA5F6F914A129F80079EEE2 /* UIKit.framework */; };
		9DA5F6FC14A129F90079EEE2 /* Foundation.framework in Frameworks */ = {isa = PBXBuildFile; fileRef = 9DA5F6FB14A129F90079EEE2 /* Foundation.framework */; };
		9DA5F6FE14A129F90079EEE2 /* CoreGraphics.framework in Frameworks */ = {isa = PBXBuildFile; fileRef = 9DA5F6FD14A129F90079EEE2 /* CoreGraphics.framework */; };
		9DA5F70414A129F90079EEE2 /* InfoPlist.strings in Resources */ = {isa = PBXBuildFile; fileRef = 9DA5F70214A129F90079EEE2 /* InfoPlist.strings */; };
		9DA5F70614A129F90079EEE2 /* main.m in Sources */ = {isa = PBXBuildFile; fileRef = 9DA5F70514A129F90079EEE2 /* main.m */; };
		9DA5F70A14A129F90079EEE2 /* ProgramAppDelegate.m in Sources */ = {isa = PBXBuildFile; fileRef = 9DA5F70914A129F90079EEE2 /* ProgramAppDelegate.m */; };
		9DA5F70D14A129F90079EEE2 /* MainStoryboard.storyboard in Resources */ = {isa = PBXBuildFile; fileRef = 9DA5F70B14A129F90079EEE2 /* MainStoryboard.storyboard */; };
		9DA5F71014A129F90079EEE2 /* ProgramViewController.m in Sources */ = {isa = PBXBuildFile; fileRef = 9DA5F70F14A129F90079EEE2 /* ProgramViewController.m */; };
		9DA5F71814A129F90079EEE2 /* SenTestingKit.framework in Frameworks */ = {isa = PBXBuildFile; fileRef = 9DA5F71714A129F90079EEE2 /* SenTestingKit.framework */; };
		9DA5F71914A129F90079EEE2 /* UIKit.framework in Frameworks */ = {isa = PBXBuildFile; fileRef = 9DA5F6F914A129F80079EEE2 /* UIKit.framework */; };
		9DA5F71A14A129F90079EEE2 /* Foundation.framework in Frameworks */ = {isa = PBXBuildFile; fileRef = 9DA5F6FB14A129F90079EEE2 /* Foundation.framework */; };
		9DA5F72214A129F90079EEE2 /* InfoPlist.strings in Resources */ = {isa = PBXBuildFile; fileRef = 9DA5F72014A129F90079EEE2 /* InfoPlist.strings */; };
		9DA5F72514A129F90079EEE2 /* ProgramTests.m in Sources */ = {isa = PBXBuildFile; fileRef = 9DA5F72414A129F90079EEE2 /* ProgramTests.m */; };
/* End PBXBuildFile section */

/* Begin PBXContainerItemProxy section */
		9DA5F71B14A129F90079EEE2 /* PBXContainerItemProxy */ = {
			isa = PBXContainerItemProxy;
			containerPortal = 9DA5F6EC14A129F80079EEE2 /* Project object */;
			proxyType = 1;
			remoteGlobalIDString = 9DA5F6F414A129F80079EEE2;
			remoteInfo = Program;
		};
/* End PBXContainerItemProxy section */

/* Begin PBXFileReference section */
		9DA5F6F514A129F80079EEE2 /* Program.app */ = {isa = PBXFileReference; explicitFileType = wrapper.application; includeInIndex = 0; path = Program.app; sourceTree = BUILT_PRODUCTS_DIR; };
		9DA5F6F914A129F80079EEE2 /* UIKit.framework */ = {isa = PBXFileReference; lastKnownFileType = wrapper.framework; name = UIKit.framework; path = System/Library/Frameworks/UIKit.framework; sourceTree = SDKROOT; };
		9DA5F6FB14A129F90079EEE2 /* Foundation.framework */ = {isa = PBXFileReference; lastKnownFileType = wrapper.framework; name = Foundation.framework; path = System/Library/Frameworks/Foundation.framework; sourceTree = SDKROOT; };
		9DA5F6FD14A129F90079EEE2 /* CoreGraphics.framework */ = {isa = PBXFileReference; lastKnownFileType = wrapper.framework; name = CoreGraphics.framework; path = System/Library/Frameworks/CoreGraphics.framework; sourceTree = SDKROOT; };
		9DA5F70114A129F90079EEE2 /* Program-Info.plist */ = {isa = PBXFileReference; path = "Program-Info.plist"; sourceTree = "<group>"; };
		9DA5F70314A129F90079EEE2 /* en */ = {isa = PBXFileReference; lastKnownFileType = text.plist.strings; name = en; path = en.lproj/InfoPlist.strings; sourceTree = "<group>"; };
		9DA5F70514A129F90079EEE2 /* main.m */ = {isa = PBXFileReference; lastKnownFileType = sourcecode.c.objc; path = main.m; sourceTree = "<group>"; };
		9DA5F70714A129F90079EEE2 /* Program-Prefix.pch */ = {isa = PBXFileReference; path = "Program-Prefix.pch"; sourceTree = "<group>"; };
		9DA5F70814A129F90079EEE2 /* ProgramAppDelegate.h */ = {isa = PBXFileReference; path = ProgramAppDelegate.h; sourceTree = "<group>"; };
		9DA5F70914A129F90079EEE2 /* ProgramAppDelegate.m */ = {isa = PBXFileReference; lastKnownFileType = sourcecode.c.objc; path = ProgramAppDelegate.m; sourceTree = "<group>"; };
		9DA5F70C14A129F90079EEE2 /* en */ = {isa = PBXFileReference; lastKnownFileType = file.storyboard; name = en; path = en.lproj/MainStoryboard.storyboard; sourceTree = "<group>"; };
		9DA5F70E14A129F90079EEE2 /* ProgramViewController.h */ = {isa = PBXFileReference; path = ProgramViewController.h; sourceTree = "<group>"; };
		9DA5F70F14A129F90079EEE2 /* ProgramViewController.m */ = {isa = PBXFileReference; lastKnownFileType = sourcecode.c.objc; path = ProgramViewController.m; sourceTree = "<group>"; };
		9DA5F71614A129F90079EEE2 /* ProgramTests.octest */ = {isa = PBXFileReference; explicitFileType = wrapper.cfbundle; includeInIndex = 0; path = ProgramTests.octest; sourceTree = BUILT_PRODUCTS_DIR; };
		9DA5F71714A129F90079EEE2 /* SenTestingKit.framework */ = {isa = PBXFileReference; lastKnownFileType = wrapper.framework; name = SenTestingKit.framework; path = Library/Frameworks/SenTestingKit.framework; sourceTree = DEVELOPER_DIR; };
		9DA5F71F14A129F90079EEE2 /* ProgramTests-Info.plist */ = {isa = PBXFileReference; path = "ProgramTests-Info.plist"; sourceTree = "<group>"; };
		9DA5F72114A129F90079EEE2 /* en */ = {isa = PBXFileReference; lastKnownFileType = text.plist.strings; name = en; path = en.lproj/InfoPlist.strings; sourceTree = "<group>"; };
		9DA5F72314A129F90079EEE2 /* ProgramTests.h */ = {isa = PBXFileReference; path = ProgramTests.h; sourceTree = "<group>"; };
		9DA5F72414A129F90079EEE2 /* ProgramTests.m */ = {isa = PBXFileReference; lastKnownFileType = sourcecode.c.objc; path = ProgramTests.m; sourceTree = "<group>"; };
/* End PBXFileReference section */

/* Begin PBXFrameworksBuildPhase section */
		9DA5F6F214A129F80079EEE2 /* Frameworks */ = {
			isa = PBXFrameworksBuildPhase;
			buildActionMask = 2147483647;
			files = (
				9DA5F6FA14A129F90079EEE2 /* UIKit.framework in Frameworks */,
				9DA5F6FC14A129F90079EEE2 /* Foundation.framework in Frameworks */,
				9DA5F6FE14A129F90079EEE2 /* CoreGraphics.framework in Frameworks */,
			);
			runOnlyForDeploymentPostprocessing = 0;
		};
		9DA5F71214A129F90079EEE2 /* Frameworks */ = {
			isa = PBXFrameworksBuildPhase;
			buildActionMask = 2147483647;
			files = (
				9DA5F71814A129F90079EEE2 /* SenTestingKit.framework in Frameworks */,
				9DA5F71914A129F90079EEE2 /* UIKit.framework in Frameworks */,
				9DA5F71A14A129F90079EEE2 /* Foundation.framework in Frameworks */,
			);
			runOnlyForDeploymentPostprocessing = 0;
		};
/* End PBXFrameworksBuildPhase section */

/* Begin PBXGroup section */
		9DA5F6EA14A129F80079EEE2 = {
			isa = PBXGroup;
			children = (
				9DA5F6FF14A129F90079EEE2 /* Program */,
				9DA5F71D14A129F90079EEE2 /* ProgramTests */,
				9DA5F6F814A129F80079EEE2 /* Frameworks */,
				9DA5F6F614A129F80079EEE2 /* Products */,
			);
			sourceTree = "<group>";
		};
		9DA5F6F614A129F80079EEE2 /* Products */ = {
			isa = PBXGroup;
			children = (
				9DA5F6F514A129F80079EEE2 /* Program.app */,
				9DA5F71614A129F90079EEE2 /* ProgramTests.octest */,
			);
			name = Products;
			sourceTree = "<group>";
		};
		9DA5F6F814A129F80079EEE2 /* Frameworks */ = {
			isa = PBXGroup;
			children = (
				9DA5F6F914A129F80079EEE2 /* UIKit.framework */,
				9DA5F6FB14A129F90079EEE2 /* Foundation.framework */,
				9DA5F6FD14A129F90079EEE2 /* CoreGraphics.framework */,
				9DA5F71714A129F90079EEE2 /* SenTestingKit.framework */,
			);
			name = Frameworks;
			sourceTree = "<group>";
		};
		9DA5F6FF14A129F90079EEE2 /* Program */ = {
			isa = PBXGroup;
			children = (
				9DA5F70814A129F90079EEE2 /* ProgramAppDelegate.h */,
				9DA5F70914A129F90079EEE2 /* ProgramAppDelegate.m */,
				9DA5F70B14A129F90079EEE2 /* MainStoryboard.storyboard */,
				9DA5F70E14A129F90079EEE2 /* ProgramViewController.h */,
				9DA5F70F14A129F90079EEE2 /* ProgramViewController.m */,
				9DA5F70014A129F90079EEE2 /* Supporting Files */,
			);
			path = Program;
			sourceTree = "<group>";
		};
		9DA5F70014A129F90079EEE2 /* Supporting Files */ = {
			isa = PBXGroup;
			children = (
				9DA5F70114A129F90079EEE2 /* Program-Info.plist */,
				9DA5F70214A129F90079EEE2 /* InfoPlist.strings */,
				9DA5F70514A129F90079EEE2 /* main.m */,
				9DA5F70714A129F90079EEE2 /* Program-Prefix.pch */,
			);
			name = "Supporting Files";
			sourceTree = "<group>";
		};
		9DA5F71D14A129F90079EEE2 /* ProgramTests */ = {
			isa = PBXGroup;
			children = (
				9DA5F72314A129F90079EEE2 /* ProgramTests.h */,
				9DA5F72414A129F90079EEE2 /* ProgramTests.m */,
				9DA5F71E14A129F90079EEE2 /* Supporting Files */,
			);
			path = ProgramTests;
			sourceTree = "<group>";
		};
		9DA5F71E14A129F90079EEE2 /* Supporting Files */ = {
			isa = PBXGroup;
			children = (
				9DA5F71F14A129F90079EEE2 /* ProgramTests-Info.plist */,
				9DA5F72014A129F90079EEE2 /* InfoPlist.strings */,
			);
			name = "Supporting Files";
			sourceTree = "<group>";
		};
/* End PBXGroup section */

/* Begin PBXNativeTarget section */
		9DA5F6F414A129F80079EEE2 /* Program */ = {
			isa = PBXNativeTarget;
			buildConfigurationList = 9DA5F72814A129F90079EEE2 /* Build configuration list for PBXNativeTarget "Program" */;
			buildPhases = (
				9DA5F6F114A129F80079EEE2 /* Sources */,
				9DA5F6F214A129F80079EEE2 /* Frameworks */,
				9DA5F6F314A129F80079EEE2 /* Resources */,
			);
			buildRules = (
			);
			dependencies = (
			);
			name = Program;
			productName = Program;
			productReference = 9DA5F6F514A129F80079EEE2 /* Program.app */;
			productType = "com.apple.product-type.application";
		};
		9DA5F71514A129F90079EEE2 /* ProgramTests */ = {
			isa = PBXNativeTarget;
			buildConfigurationList = 9DA5F72B14A129F90079EEE2 /* Build configuration list for PBXNativeTarget "ProgramTests" */;
			buildPhases = (
				9DA5F71114A129F90079EEE2 /* Sources */,
				9DA5F71214A129F90079EEE2 /* Frameworks */,
				9DA5F71314A129F90079EEE2 /* Resources */,
				9DA5F71414A129F90079EEE2 /* ShellScript */,
			);
			buildRules = (
			);
			dependencies = (
				9DA5F71C14A129F90079EEE2 /* PBXTargetDependency */,
			);
			name = ProgramTests;
			productName = ProgramTests;
			productReference = 9DA5F71614A129F90079EEE2 /* ProgramTests.octest */;
			productType = "com.apple.product-type.bundle";
		};
/* End PBXNativeTarget section */

/* Begin PBXProject section */
		9DA5F6EC14A129F80079EEE2 /* Project object */ = {
			isa = PBXProject;
			attributes = {
				LastUpgradeCheck = 0420;
			};
			buildConfigurationList = 9DA5F6EF14A129F80079EEE2 /* Build configuration list for PBXProject "Program" */;
			compatibilityVersion = "Xcode 3.2";
			developmentRegion = English;
			hasScannedForEncodings = 0;
			knownRegions = (
				en,
			);
			mainGroup = 9DA5F6EA14A129F80079EEE2;
			productRefGroup = 9DA5F6F614A129F80079EEE2 /* Products */;
			projectDirPath = "";
			projectRoot = "";
			targets = (
				9DA5F6F414A129F80079EEE2 /* Program */,
				9DA5F71514A129F90079EEE2 /* ProgramTests */,
			);
		};
/* End PBXProject section */

/* Begin PBXResourcesBuildPhase section */
		9DA5F6F314A129F80079EEE2 /* Resources */ = {
			isa = PBXResourcesBuildPhase;
			buildActionMask = 2147483647;
			files = (
				9DA5F70414A129F90079EEE2 /* InfoPlist.strings in Resources */,
				9DA5F70D14A129F90079EEE2 /* MainStoryboard.storyboard in Resources */,
			);
			runOnlyForDeploymentPostprocessing = 0;
		};
		9DA5F71314A129F90079EEE2 /* Resources */ = {
			isa = PBXResourcesBuildPhase;
			buildActionMask = 2147483647;
			files = (
				9DA5F72214A129F90079EEE2 /* InfoPlist.strings in Resources */,
			);
			runOnlyForDeploymentPostprocessing = 0;
		};
/* End PBXResourcesBuildPhase section */

/* Begin PBXShellScriptBuildPhase section */
		9DA5F71414A129F90079EEE2 /* ShellScript */ = {
			isa = PBXShellScriptBuildPhase;
			buildActionMask = 2147483647;
			files = (
			);
			inputPaths = (
			);
			outputPaths = (
			);
			runOnlyForDeploymentPostprocessing = 0;
			shellPath = /bin/sh;
			shellScript = "# Run the unit tests in this test bundle.\n\"${SYSTEM_DEVELOPER_DIR}/Tools/RunUnitTests\"\n";
		};
/* End PBXShellScriptBuildPhase section */

/* Begin PBXSourcesBuildPhase section */
		9DA5F6F114A129F80079EEE2 /* Sources */ = {
			isa = PBXSourcesBuildPhase;
			buildActionMask = 2147483647;
			files = (
				9DA5F70614A129F90079EEE2 /* main.m in Sources */,
				9DA5F70A14A129F90079EEE2 /* ProgramAppDelegate.m in Sources */,
				9DA5F71014A129F90079EEE2 /* ProgramViewController.m in Sources */,
			);
			runOnlyForDeploymentPostprocessing = 0;
		};
		9DA5F71114A129F90079EEE2 /* Sources */ = {
			isa = PBXSourcesBuildPhase;
			buildActionMask = 2147483647;
			files = (
				9DA5F72514A129F90079EEE2 /* ProgramTests.m in Sources */,
			);
			runOnlyForDeploymentPostprocessing = 0;
		};
/* End PBXSourcesBuildPhase section */

/* Begin PBXTargetDependency section */
		9DA5F71C14A129F90079EEE2 /* PBXTargetDependency */ = {
			isa = PBXTargetDependency;
			target = 9DA5F6F414A129F80079EEE2 /* Program */;
			targetProxy = 9DA5F71B14A129F90079EEE2 /* PBXContainerItemProxy */;
		};
/* End PBXTargetDependency section */

/* Begin PBXVariantGroup section */
		9DA5F70214A129F90079EEE2 /* InfoPlist.strings */ = {
			isa = PBXVariantGroup;
			children = (
				9DA5F70314A129F90079EEE2 /* en */,
			);
			name = InfoPlist.strings;
			sourceTree = "<group>";
		};
		9DA5F70B14A129F90079EEE2 /* MainStoryboard.storyboard */ = {
			isa = PBXVariantGroup;
			children = (
				9DA5F70C14A129F90079EEE2 /* en */,
			);
			name = MainStoryboard.storyboard;
			sourceTree = "<group>";
		};
		9DA5F72014A129F90079EEE2 /* InfoPlist.strings */ = {
			isa = PBXVariantGroup;
			children = (
				9DA5F72114A129F90079EEE2 /* en */,
			);
			name = InfoPlist.strings;
			sourceTree = "<group>";
		};
/* End PBXVariantGroup section */

/* Begin XCBuildConfiguration section */
		9DA5F72614A129F90079EEE2 /* Debug */ = {
			isa = XCBuildConfiguration;
			buildSettings = {
				ALWAYS_SEARCH_USER_PATHS = NO;
				ARCHS = "$(ARCHS_STANDARD_32_BIT)";
				CLANG_ENABLE_OBJC_ARC = YES;
				"CODE_SIGN_IDENTITY[sdk=iphoneos*]" = "iPhone Developer";
				COPY_PHASE_STRIP = NO;
				GCC_C_LANGUAGE_STANDARD = gnu99;
				GCC_DYNAMIC_NO_PIC = NO;
				GCC_OPTIMIZATION_LEVEL = 0;
				GCC_PREPROCESSOR_DEFINITIONS = (
					"DEBUG=1",
					"$(inherited)",
				);
				GCC_SYMBOLS_PRIVATE_EXTERN = NO;
				GCC_VERSION = com.apple.compilers.llvm.clang.1_0;
				GCC_WARN_ABOUT_MISSING_PROTOTYPES = YES;
				GCC_WARN_ABOUT_RETURN_TYPE = YES;
				GCC_WARN_UNUSED_VARIABLE = YES;
				IPHONEOS_DEPLOYMENT_TARGET = 5.0;
				SDKROOT = iphoneos;
			};
			name = Debug;
		};
		9DA5F72714A129F90079EEE2 /* Release */ = {
			isa = XCBuildConfiguration;
			buildSettings = {
				ALWAYS_SEARCH_USER_PATHS = NO;
				ARCHS = "$(ARCHS_STANDARD_32_BIT)";
				CLANG_ENABLE_OBJC_ARC = YES;
				"CODE_SIGN_IDENTITY[sdk=iphoneos*]" = "iPhone Developer";
				COPY_PHASE_STRIP = YES;
				GCC_C_LANGUAGE_STANDARD = gnu99;
				GCC_VERSION = com.apple.compilers.llvm.clang.1_0;
				GCC_WARN_ABOUT_MISSING_PROTOTYPES = YES;
				GCC_WARN_ABOUT_RETURN_TYPE = YES;
				GCC_WARN_UNUSED_VARIABLE = YES;
				IPHONEOS_DEPLOYMENT_TARGET = 5.0;
				OTHER_CFLAGS = "-DNS_BLOCK_ASSERTIONS=1";
				SDKROOT = iphoneos;
				VALIDATE_PRODUCT = YES;
			};
			name = Release;
		};
		9DA5F72914A129F90079EEE2 /* Debug */ = {
			isa = XCBuildConfiguration;
			buildSettings = {
				GCC_PRECOMPILE_PREFIX_HEADER = YES;
				GCC_PREFIX_HEADER = "Program/Program-Prefix.pch";
				INFOPLIST_FILE = "Program/Program-Info.plist";
				PRODUCT_NAME = "$(TARGET_NAME)";
				WRAPPER_EXTENSION = app;
			};
			name = Debug;
		};
		9DA5F72A14A129F90079EEE2 /* Release */ = {
			isa = XCBuildConfiguration;
			buildSettings = {
				GCC_PRECOMPILE_PREFIX_HEADER = YES;
				GCC_PREFIX_HEADER = "Program/Program-Prefix.pch";
				INFOPLIST_FILE = "Program/Program-Info.plist";
				PRODUCT_NAME = "$(TARGET_NAME)";
				WRAPPER_EXTENSION = app;
			};
			name = Release;
		};
		9DA5F72C14A129F90079EEE2 /* Debug */ = {
			isa = XCBuildConfiguration;
			buildSettings = {
				BUNDLE_LOADER = "$(BUILT_PRODUCTS_DIR)/Program.app/Program";
				FRAMEWORK_SEARCH_PATHS = (
					"$(SDKROOT)/Developer/Library/Frameworks",
					"$(DEVELOPER_LIBRARY_DIR)/Frameworks",
				);
				GCC_PRECOMPILE_PREFIX_HEADER = YES;
				GCC_PREFIX_HEADER = "Program/Program-Prefix.pch";
				INFOPLIST_FILE = "ProgramTests/ProgramTests-Info.plist";
				PRODUCT_NAME = "$(TARGET_NAME)";
				TEST_HOST = "$(BUNDLE_LOADER)";
				WRAPPER_EXTENSION = octest;
			};
			name = Debug;
		};
		9DA5F72D14A129F90079EEE2 /* Release */ = {
			isa = XCBuildConfiguration;
			buildSettings = {
				BUNDLE_LOADER = "$(BUILT_PRODUCTS_DIR)/Program.app/Program";
				FRAMEWORK_SEARCH_PATHS = (
					"$(SDKROOT)/Developer/Library/Frameworks",
					"$(DEVELOPER_LIBRARY_DIR)/Frameworks",
				);
				GCC_PRECOMPILE_PREFIX_HEADER = YES;
				GCC_PREFIX_HEADER = "Program/Program-Prefix.pch";
				INFOPLIST_FILE = "ProgramTests/ProgramTests-Info.plist";
				PRODUCT_NAME = "$(TARGET_NAME)";
				TEST_HOST = "$(BUNDLE_LOADER)";
				WRAPPER_EXTENSION = octest;
			};
			name = Release;
		};
/* End XCBuildConfiguration section */

/* Begin XCConfigurationList section */
		9DA5F6EF14A129F80079EEE2 /* Build configuration list for PBXProject "Program" */ = {
			isa = XCConfigurationList;
			buildConfigurations = (
				9DA5F72614A129F90079EEE2 /* Debug */,
				9DA5F72714A129F90079EEE2 /* Release */,
			);
			defaultConfigurationIsVisible = 0;
			defaultConfigurationName = Release;
		};
		9DA5F72814A129F90079EEE2 /* Build configuration list for PBXNativeTarget "Program" */ = {
			isa = XCConfigurationList;
			buildConfigurations = (
				9DA5F72914A129F90079EEE2 /* Debug */,
				9DA5F72A14A129F90079EEE2 /* Release */,
			);
			defaultConfigurationIsVisible = 0;
		};
		9DA5F72B14A129F90079EEE2 /* Build configuration list for PBXNativeTarget "ProgramTests" */ = {
			isa = XCConfigurationList;
			buildConfigurations = (
				9DA5F72C14A129F90079EEE2 /* Debug */,
				9DA5F72D14A129F90079EEE2 /* Release */,
			);
			defaultConfigurationIsVisible = 0;
		};
/* End XCConfigurationList section */
	};
	rootObject = 9DA5F6EC14A129F80079EEE2 /* Project object */;
}
